
Microsoft Visual Studio Solution File, Format Version 12.00
# Visual Studio Version 16
VisualStudioVersion = 16.0.31727.386
MinimumVisualStudioVersion = 10.0.40219.1
Project("{FAE04EC0-301F-11D3-BF4B-00C04F79EFBC}") = "Bai_2_diemdanh", "Bai_2_diemdanh\Bai_2_diemdanh.csproj", "{E827E67A-7806-4DB0-8F92-8AFD415F9B4A}"
EndProject
Global
	GlobalSection(SolutionConfigurationPlatforms) = preSolution
		Debug|Any CPU = Debug|Any CPU
		Release|Any CPU = Release|Any CPU
	EndGlobalSection
	GlobalSection(ProjectConfigurationPlatforms) = postSolution
		{E827E67A-7806-4DB0-8F92-8AFD415F9B4A}.Debug|Any CPU.ActiveCfg = Debug|Any CPU
		{E827E67A-7806-4DB0-8F92-8AFD415F9B4A}.Debug|Any CPU.Build.0 = Debug|Any CPU
		{E827E67A-7806-4DB0-8F92-8AFD415F9B4A}.Release|Any CPU.ActiveCfg = Release|Any CPU
		{E827E67A-7806-4DB0-8F92-8AFD415F9B4A}.Release|Any CPU.Build.0 = Release|Any CPU
	EndGlobalSection
	GlobalSection(SolutionProperties) = preSolution
		HideSolutionNode = FALSE
	EndGlobalSection
	GlobalSection(ExtensibilityGlobals) = postSolution
		SolutionGuid = {F9A22C8A-1E9E-470B-B3DC-2D0E489C93EF}
	EndGlobalSection
EndGlobal
